// !$*UTF8*$!
{
	archiveVersion = 1;
	classes = {
	};
	objectVersion = 56;
	objects = {

/* Begin PBXBuildFile section */
		791528C8298E027F00DBAF26 /* TeachMachineApp.swift in Sources */ = {isa = PBXBuildFile; fileRef = 791528C7298E027F00DBAF26 /* TeachMachineApp.swift */; };
		791528CA298E027F00DBAF26 /* Persistence.swift in Sources */ = {isa = PBXBuildFile; fileRef = 791528C9298E027F00DBAF26 /* Persistence.swift */; };
		791528CD298E027F00DBAF26 /* TeachMachine.xcdatamodeld in Sources */ = {isa = PBXBuildFile; fileRef = 791528CB298E027F00DBAF26 /* TeachMachine.xcdatamodeld */; };
		791528D1298E028000DBAF26 /* Assets.xcassets in Resources */ = {isa = PBXBuildFile; fileRef = 791528D0298E028000DBAF26 /* Assets.xcassets */; };
		791528D5298E028000DBAF26 /* Preview Assets.xcassets in Resources */ = {isa = PBXBuildFile; fileRef = 791528D4298E028000DBAF26 /* Preview Assets.xcassets */; };
		791528DF298E028000DBAF26 /* TeachMachineTests.swift in Sources */ = {isa = PBXBuildFile; fileRef = 791528DE298E028000DBAF26 /* TeachMachineTests.swift */; };
		791528E9298E028000DBAF26 /* TeachMachineUITests.swift in Sources */ = {isa = PBXBuildFile; fileRef = 791528E8298E028000DBAF26 /* TeachMachineUITests.swift */; };
		791528EB298E028000DBAF26 /* TeachMachineUITestsLaunchTests.swift in Sources */ = {isa = PBXBuildFile; fileRef = 791528EA298E028000DBAF26 /* TeachMachineUITestsLaunchTests.swift */; };
		79220D0D298E2FF40070FF06 /* ClassView.swift in Sources */ = {isa = PBXBuildFile; fileRef = 79220D0C298E2FF40070FF06 /* ClassView.swift */; };
		79A7043D298E89880057254C /* SymbolPicker in Frameworks */ = {isa = PBXBuildFile; productRef = 79A7043C298E89880057254C /* SymbolPicker */; };
		79A7043F298E89940057254C /* TeacherView.swift in Sources */ = {isa = PBXBuildFile; fileRef = 79A7043E298E89940057254C /* TeacherView.swift */; };
		79A70441298E89B70057254C /* ContentView.swift in Sources */ = {isa = PBXBuildFile; fileRef = 79A70440298E89B70057254C /* ContentView.swift */; };
		79A70443298E8B250057254C /* getdata API.swift in Sources */ = {isa = PBXBuildFile; fileRef = 79A70442298E8B250057254C /* getdata API.swift */; };
		79A70445298E8BE20057254C /* ErrorView.swift in Sources */ = {isa = PBXBuildFile; fileRef = 79A70444298E8BE20057254C /* ErrorView.swift */; };
		79A7044B298EAE5A0057254C /* SwiftUILib.DocumentPicker in Frameworks */ = {isa = PBXBuildFile; productRef = 79A7044A298EAE5A0057254C /* SwiftUILib.DocumentPicker */; };
		79A7044E298EB3780057254C /* FilePicker in Frameworks */ = {isa = PBXBuildFile; productRef = 79A7044D298EB3780057254C /* FilePicker */; };
		79A70450298ECE800057254C /* WebView.swift in Sources */ = {isa = PBXBuildFile; fileRef = 79A7044F298ECE800057254C /* WebView.swift */; };
		79A70455298ED9830057254C /* airplayView.swift in Sources */ = {isa = PBXBuildFile; fileRef = 79A70454298ED9830057254C /* airplayView.swift */; };
/* End PBXBuildFile section */

/* Begin PBXContainerItemProxy section */
		791528DB298E028000DBAF26 /* PBXContainerItemProxy */ = {
			isa = PBXContainerItemProxy;
			containerPortal = 791528BC298E027F00DBAF26 /* Project object */;
			proxyType = 1;
			remoteGlobalIDString = 791528C3298E027F00DBAF26;
			remoteInfo = TeachMachine;
		};
		791528E5298E028000DBAF26 /* PBXContainerItemProxy */ = {
			isa = PBXContainerItemProxy;
			containerPortal = 791528BC298E027F00DBAF26 /* Project object */;
			proxyType = 1;
			remoteGlobalIDString = 791528C3298E027F00DBAF26;
			remoteInfo = TeachMachine;
		};
/* End PBXContainerItemProxy section */

/* Begin PBXFileReference section */
		791528C4298E027F00DBAF26 /* TeachMachine.app */ = {isa = PBXFileReference; explicitFileType = wrapper.application; includeInIndex = 0; path = TeachMachine.app; sourceTree = BUILT_PRODUCTS_DIR; };
		791528C7298E027F00DBAF26 /* TeachMachineApp.swift */ = {isa = PBXFileReference; lastKnownFileType = sourcecode.swift; path = TeachMachineApp.swift; sourceTree = "<group>"; };
		791528C9298E027F00DBAF26 /* Persistence.swift */ = {isa = PBXFileReference; lastKnownFileType = sourcecode.swift; path = Persistence.swift; sourceTree = "<group>"; };
		791528CC298E027F00DBAF26 /* TeachMachine.xcdatamodel */ = {isa = PBXFileReference; lastKnownFileType = wrapper.xcdatamodel; path = TeachMachine.xcdatamodel; sourceTree = "<group>"; };
		791528D0298E028000DBAF26 /* Assets.xcassets */ = {isa = PBXFileReference; lastKnownFileType = folder.assetcatalog; path = Assets.xcassets; sourceTree = "<group>"; };
		791528D2298E028000DBAF26 /* TeachMachine.entitlements */ = {isa = PBXFileReference; lastKnownFileType = text.plist.entitlements; path = TeachMachine.entitlements; sourceTree = "<group>"; };
		791528D4298E028000DBAF26 /* Preview Assets.xcassets */ = {isa = PBXFileReference; lastKnownFileType = folder.assetcatalog; path = "Preview Assets.xcassets"; sourceTree = "<group>"; };
		791528DA298E028000DBAF26 /* TeachMachineTests.xctest */ = {isa = PBXFileReference; explicitFileType = wrapper.cfbundle; includeInIndex = 0; path = TeachMachineTests.xctest; sourceTree = BUILT_PRODUCTS_DIR; };
		791528DE298E028000DBAF26 /* TeachMachineTests.swift */ = {isa = PBXFileReference; lastKnownFileType = sourcecode.swift; path = TeachMachineTests.swift; sourceTree = "<group>"; };
		791528E4298E028000DBAF26 /* TeachMachineUITests.xctest */ = {isa = PBXFileReference; explicitFileType = wrapper.cfbundle; includeInIndex = 0; path = TeachMachineUITests.xctest; sourceTree = BUILT_PRODUCTS_DIR; };
		791528E8298E028000DBAF26 /* TeachMachineUITests.swift */ = {isa = PBXFileReference; lastKnownFileType = sourcecode.swift; path = TeachMachineUITests.swift; sourceTree = "<group>"; };
		791528EA298E028000DBAF26 /* TeachMachineUITestsLaunchTests.swift */ = {isa = PBXFileReference; lastKnownFileType = sourcecode.swift; path = TeachMachineUITestsLaunchTests.swift; sourceTree = "<group>"; };
		79220D0C298E2FF40070FF06 /* ClassView.swift */ = {isa = PBXFileReference; lastKnownFileType = sourcecode.swift; path = ClassView.swift; sourceTree = "<group>"; };
		79A7043E298E89940057254C /* TeacherView.swift */ = {isa = PBXFileReference; lastKnownFileType = sourcecode.swift; path = TeacherView.swift; sourceTree = "<group>"; };
		79A70440298E89B70057254C /* ContentView.swift */ = {isa = PBXFileReference; lastKnownFileType = sourcecode.swift; path = ContentView.swift; sourceTree = "<group>"; };
		79A70442298E8B250057254C /* getdata API.swift */ = {isa = PBXFileReference; lastKnownFileType = sourcecode.swift; path = "getdata API.swift"; sourceTree = "<group>"; };
		79A70444298E8BE20057254C /* ErrorView.swift */ = {isa = PBXFileReference; lastKnownFileType = sourcecode.swift; path = ErrorView.swift; sourceTree = "<group>"; };
		79A7044F298ECE800057254C /* WebView.swift */ = {isa = PBXFileReference; lastKnownFileType = sourcecode.swift; path = WebView.swift; sourceTree = "<group>"; };
		79A70451298ED1310057254C /* Info.plist */ = {isa = PBXFileReference; lastKnownFileType = text.plist; path = Info.plist; sourceTree = "<group>"; };
		79A70454298ED9830057254C /* airplayView.swift */ = {isa = PBXFileReference; lastKnownFileType = sourcecode.swift; path = airplayView.swift; sourceTree = "<group>"; };
/* End PBXFileReference section */

/* Begin PBXFrameworksBuildPhase section */
		791528C1298E027F00DBAF26 /* Frameworks */ = {
			isa = PBXFrameworksBuildPhase;
			buildActionMask = 2147483647;
			files = (
				79A7044E298EB3780057254C /* FilePicker in Frameworks */,
				79A7044B298EAE5A0057254C /* SwiftUILib.DocumentPicker in Frameworks */,
				79A7043D298E89880057254C /* SymbolPicker in Frameworks */,
			);
			runOnlyForDeploymentPostprocessing = 0;
		};
		791528D7298E028000DBAF26 /* Frameworks */ = {
			isa = PBXFrameworksBuildPhase;
			buildActionMask = 2147483647;
			files = (
			);
			runOnlyForDeploymentPostprocessing = 0;
		};
		791528E1298E028000DBAF26 /* Frameworks */ = {
			isa = PBXFrameworksBuildPhase;
			buildActionMask = 2147483647;
			files = (
			);
			runOnlyForDeploymentPostprocessing = 0;
		};
/* End PBXFrameworksBuildPhase section */

/* Begin PBXGroup section */
		791528BB298E027F00DBAF26 = {
			isa = PBXGroup;
			children = (
				791528C6298E027F00DBAF26 /* TeachMachine */,
				791528DD298E028000DBAF26 /* TeachMachineTests */,
				791528E7298E028000DBAF26 /* TeachMachineUITests */,
				791528C5298E027F00DBAF26 /* Products */,
				79A70449298EAE5A0057254C /* Frameworks */,
			);
			sourceTree = "<group>";
		};
		791528C5298E027F00DBAF26 /* Products */ = {
			isa = PBXGroup;
			children = (
				791528C4298E027F00DBAF26 /* TeachMachine.app */,
				791528DA298E028000DBAF26 /* TeachMachineTests.xctest */,
				791528E4298E028000DBAF26 /* TeachMachineUITests.xctest */,
			);
			name = Products;
			sourceTree = "<group>";
		};
		791528C6298E027F00DBAF26 /* TeachMachine */ = {
			isa = PBXGroup;
			children = (
				79A70451298ED1310057254C /* Info.plist */,
				791528C7298E027F00DBAF26 /* TeachMachineApp.swift */,
				791528C9298E027F00DBAF26 /* Persistence.swift */,
				79A70440298E89B70057254C /* ContentView.swift */,
				79A70444298E8BE20057254C /* ErrorView.swift */,
				79220D0C298E2FF40070FF06 /* ClassView.swift */,
				79A7043E298E89940057254C /* TeacherView.swift */,
				79A70442298E8B250057254C /* getdata API.swift */,
				79A7044F298ECE800057254C /* WebView.swift */,
				79A70454298ED9830057254C /* airplayView.swift */,
				791528D0298E028000DBAF26 /* Assets.xcassets */,
				791528D2298E028000DBAF26 /* TeachMachine.entitlements */,
				791528CB298E027F00DBAF26 /* TeachMachine.xcdatamodeld */,
				791528D3298E028000DBAF26 /* Preview Content */,
			);
			path = TeachMachine;
			sourceTree = "<group>";
		};
		791528D3298E028000DBAF26 /* Preview Content */ = {
			isa = PBXGroup;
			children = (
				791528D4298E028000DBAF26 /* Preview Assets.xcassets */,
			);
			path = "Preview Content";
			sourceTree = "<group>";
		};
		791528DD298E028000DBAF26 /* TeachMachineTests */ = {
			isa = PBXGroup;
			children = (
				791528DE298E028000DBAF26 /* TeachMachineTests.swift */,
			);
			path = TeachMachineTests;
			sourceTree = "<group>";
		};
		791528E7298E028000DBAF26 /* TeachMachineUITests */ = {
			isa = PBXGroup;
			children = (
				791528E8298E028000DBAF26 /* TeachMachineUITests.swift */,
				791528EA298E028000DBAF26 /* TeachMachineUITestsLaunchTests.swift */,
			);
			path = TeachMachineUITests;
			sourceTree = "<group>";
		};
		79A70449298EAE5A0057254C /* Frameworks */ = {
			isa = PBXGroup;
			children = (
			);
			name = Frameworks;
			sourceTree = "<group>";
		};
/* End PBXGroup section */

/* Begin PBXNativeTarget section */
		791528C3298E027F00DBAF26 /* TeachMachine */ = {
			isa = PBXNativeTarget;
			buildConfigurationList = 791528EE298E028000DBAF26 /* Build configuration list for PBXNativeTarget "TeachMachine" */;
			buildPhases = (
				791528C0298E027F00DBAF26 /* Sources */,
				791528C1298E027F00DBAF26 /* Frameworks */,
				791528C2298E027F00DBAF26 /* Resources */,
			);
			buildRules = (
			);
			dependencies = (
			);
			name = TeachMachine;
			packageProductDependencies = (
				79A7043C298E89880057254C /* SymbolPicker */,
				79A7044A298EAE5A0057254C /* SwiftUILib.DocumentPicker */,
				79A7044D298EB3780057254C /* FilePicker */,
			);
			productName = TeachMachine;
			productReference = 791528C4298E027F00DBAF26 /* TeachMachine.app */;
			productType = "com.apple.product-type.application";
		};
		791528D9298E028000DBAF26 /* TeachMachineTests */ = {
			isa = PBXNativeTarget;
			buildConfigurationList = 791528F1298E028000DBAF26 /* Build configuration list for PBXNativeTarget "TeachMachineTests" */;
			buildPhases = (
				791528D6298E028000DBAF26 /* Sources */,
				791528D7298E028000DBAF26 /* Frameworks */,
				791528D8298E028000DBAF26 /* Resources */,
			);
			buildRules = (
			);
			dependencies = (
				791528DC298E028000DBAF26 /* PBXTargetDependency */,
			);
			name = TeachMachineTests;
			productName = TeachMachineTests;
			productReference = 791528DA298E028000DBAF26 /* TeachMachineTests.xctest */;
			productType = "com.apple.product-type.bundle.unit-test";
		};
		791528E3298E028000DBAF26 /* TeachMachineUITests */ = {
			isa = PBXNativeTarget;
			buildConfigurationList = 791528F4298E028000DBAF26 /* Build configuration list for PBXNativeTarget "TeachMachineUITests" */;
			buildPhases = (
				791528E0298E028000DBAF26 /* Sources */,
				791528E1298E028000DBAF26 /* Frameworks */,
				791528E2298E028000DBAF26 /* Resources */,
			);
			buildRules = (
			);
			dependencies = (
				791528E6298E028000DBAF26 /* PBXTargetDependency */,
			);
			name = TeachMachineUITests;
			productName = TeachMachineUITests;
			productReference = 791528E4298E028000DBAF26 /* TeachMachineUITests.xctest */;
			productType = "com.apple.product-type.bundle.ui-testing";
		};
/* End PBXNativeTarget section */

/* Begin PBXProject section */
		791528BC298E027F00DBAF26 /* Project object */ = {
			isa = PBXProject;
			attributes = {
				BuildIndependentTargetsInParallel = 1;
				LastSwiftUpdateCheck = 1420;
				LastUpgradeCheck = 1420;
				TargetAttributes = {
					791528C3298E027F00DBAF26 = {
						CreatedOnToolsVersion = 14.2;
					};
					791528D9298E028000DBAF26 = {
						CreatedOnToolsVersion = 14.2;
						TestTargetID = 791528C3298E027F00DBAF26;
					};
					791528E3298E028000DBAF26 = {
						CreatedOnToolsVersion = 14.2;
						TestTargetID = 791528C3298E027F00DBAF26;
					};
				};
			};
			buildConfigurationList = 791528BF298E027F00DBAF26 /* Build configuration list for PBXProject "TeachMachine" */;
			compatibilityVersion = "Xcode 14.0";
			developmentRegion = en;
			hasScannedForEncodings = 0;
			knownRegions = (
				en,
				Base,
			);
			mainGroup = 791528BB298E027F00DBAF26;
			packageReferences = (
				79A7043B298E89880057254C /* XCRemoteSwiftPackageReference "SymbolPicker" */,
				79A70446298EAC2D0057254C /* XCRemoteSwiftPackageReference "swiftuilib-document-picker" */,
				79A7044C298EB3780057254C /* XCRemoteSwiftPackageReference "FilePicker" */,
			);
			productRefGroup = 791528C5298E027F00DBAF26 /* Products */;
			projectDirPath = "";
			projectRoot = "";
			targets = (
				791528C3298E027F00DBAF26 /* TeachMachine */,
				791528D9298E028000DBAF26 /* TeachMachineTests */,
				791528E3298E028000DBAF26 /* TeachMachineUITests */,
			);
		};
/* End PBXProject section */

/* Begin PBXResourcesBuildPhase section */
		791528C2298E027F00DBAF26 /* Resources */ = {
			isa = PBXResourcesBuildPhase;
			buildActionMask = 2147483647;
			files = (
				791528D5298E028000DBAF26 /* Preview Assets.xcassets in Resources */,
				791528D1298E028000DBAF26 /* Assets.xcassets in Resources */,
			);
			runOnlyForDeploymentPostprocessing = 0;
		};
		791528D8298E028000DBAF26 /* Resources */ = {
			isa = PBXResourcesBuildPhase;
			buildActionMask = 2147483647;
			files = (
			);
			runOnlyForDeploymentPostprocessing = 0;
		};
		791528E2298E028000DBAF26 /* Resources */ = {
			isa = PBXResourcesBuildPhase;
			buildActionMask = 2147483647;
			files = (
			);
			runOnlyForDeploymentPostprocessing = 0;
		};
/* End PBXResourcesBuildPhase section */

/* Begin PBXSourcesBuildPhase section */
		791528C0298E027F00DBAF26 /* Sources */ = {
			isa = PBXSourcesBuildPhase;
			buildActionMask = 2147483647;
			files = (
				791528C8298E027F00DBAF26 /* TeachMachineApp.swift in Sources */,
				79A70450298ECE800057254C /* WebView.swift in Sources */,
				79220D0D298E2FF40070FF06 /* ClassView.swift in Sources */,
				79A70441298E89B70057254C /* ContentView.swift in Sources */,
				79A70443298E8B250057254C /* getdata API.swift in Sources */,
				791528CA298E027F00DBAF26 /* Persistence.swift in Sources */,
				791528CD298E027F00DBAF26 /* TeachMachine.xcdatamodeld in Sources */,
				79A7043F298E89940057254C /* TeacherView.swift in Sources */,
				79A70455298ED9830057254C /* airplayView.swift in Sources */,
				79A70445298E8BE20057254C /* ErrorView.swift in Sources */,
			);
			runOnlyForDeploymentPostprocessing = 0;
		};
		791528D6298E028000DBAF26 /* Sources */ = {
			isa = PBXSourcesBuildPhase;
			buildActionMask = 2147483647;
			files = (
				791528DF298E028000DBAF26 /* TeachMachineTests.swift in Sources */,
			);
			runOnlyForDeploymentPostprocessing = 0;
		};
		791528E0298E028000DBAF26 /* Sources */ = {
			isa = PBXSourcesBuildPhase;
			buildActionMask = 2147483647;
			files = (
				791528EB298E028000DBAF26 /* TeachMachineUITestsLaunchTests.swift in Sources */,
				791528E9298E028000DBAF26 /* TeachMachineUITests.swift in Sources */,
			);
			runOnlyForDeploymentPostprocessing = 0;
		};
/* End PBXSourcesBuildPhase section */

/* Begin PBXTargetDependency section */
		791528DC298E028000DBAF26 /* PBXTargetDependency */ = {
			isa = PBXTargetDependency;
			target = 791528C3298E027F00DBAF26 /* TeachMachine */;
			targetProxy = 791528DB298E028000DBAF26 /* PBXContainerItemProxy */;
		};
		791528E6298E028000DBAF26 /* PBXTargetDependency */ = {
			isa = PBXTargetDependency;
			target = 791528C3298E027F00DBAF26 /* TeachMachine */;
			targetProxy = 791528E5298E028000DBAF26 /* PBXContainerItemProxy */;
		};
/* End PBXTargetDependency section */

/* Begin XCBuildConfiguration section */
		791528EC298E028000DBAF26 /* Debug */ = {
			isa = XCBuildConfiguration;
			buildSettings = {
				ALWAYS_SEARCH_USER_PATHS = NO;
				CLANG_ANALYZER_NONNULL = YES;
				CLANG_ANALYZER_NUMBER_OBJECT_CONVERSION = YES_AGGRESSIVE;
				CLANG_CXX_LANGUAGE_STANDARD = "gnu++20";
				CLANG_ENABLE_MODULES = YES;
				CLANG_ENABLE_OBJC_ARC = YES;
				CLANG_ENABLE_OBJC_WEAK = YES;
				CLANG_WARN_BLOCK_CAPTURE_AUTORELEASING = YES;
				CLANG_WARN_BOOL_CONVERSION = YES;
				CLANG_WARN_COMMA = YES;
				CLANG_WARN_CONSTANT_CONVERSION = YES;
				CLANG_WARN_DEPRECATED_OBJC_IMPLEMENTATIONS = YES;
				CLANG_WARN_DIRECT_OBJC_ISA_USAGE = YES_ERROR;
				CLANG_WARN_DOCUMENTATION_COMMENTS = YES;
				CLANG_WARN_EMPTY_BODY = YES;
				CLANG_WARN_ENUM_CONVERSION = YES;
				CLANG_WARN_INFINITE_RECURSION = YES;
				CLANG_WARN_INT_CONVERSION = YES;
				CLANG_WARN_NON_LITERAL_NULL_CONVERSION = YES;
				CLANG_WARN_OBJC_IMPLICIT_RETAIN_SELF = YES;
				CLANG_WARN_OBJC_LITERAL_CONVERSION = YES;
				CLANG_WARN_OBJC_ROOT_CLASS = YES_ERROR;
				CLANG_WARN_QUOTED_INCLUDE_IN_FRAMEWORK_HEADER = YES;
				CLANG_WARN_RANGE_LOOP_ANALYSIS = YES;
				CLANG_WARN_STRICT_PROTOTYPES = YES;
				CLANG_WARN_SUSPICIOUS_MOVE = YES;
				CLANG_WARN_UNGUARDED_AVAILABILITY = YES_AGGRESSIVE;
				CLANG_WARN_UNREACHABLE_CODE = YES;
				CLANG_WARN__DUPLICATE_METHOD_MATCH = YES;
				COPY_PHASE_STRIP = NO;
				DEBUG_INFORMATION_FORMAT = dwarf;
				ENABLE_STRICT_OBJC_MSGSEND = YES;
				ENABLE_TESTABILITY = YES;
				GCC_C_LANGUAGE_STANDARD = gnu11;
				GCC_DYNAMIC_NO_PIC = NO;
				GCC_NO_COMMON_BLOCKS = YES;
				GCC_OPTIMIZATION_LEVEL = 0;
				GCC_PREPROCESSOR_DEFINITIONS = (
					"DEBUG=1",
					"$(inherited)",
				);
				GCC_WARN_64_TO_32_BIT_CONVERSION = YES;
				GCC_WARN_ABOUT_RETURN_TYPE = YES_ERROR;
				GCC_WARN_UNDECLARED_SELECTOR = YES;
				GCC_WARN_UNINITIALIZED_AUTOS = YES_AGGRESSIVE;
				GCC_WARN_UNUSED_FUNCTION = YES;
				GCC_WARN_UNUSED_VARIABLE = YES;
				MTL_ENABLE_DEBUG_INFO = INCLUDE_SOURCE;
				MTL_FAST_MATH = YES;
				ONLY_ACTIVE_ARCH = YES;
				SWIFT_ACTIVE_COMPILATION_CONDITIONS = DEBUG;
				SWIFT_OPTIMIZATION_LEVEL = "-Onone";
			};
			name = Debug;
		};
		791528ED298E028000DBAF26 /* Release */ = {
			isa = XCBuildConfiguration;
			buildSettings = {
				ALWAYS_SEARCH_USER_PATHS = NO;
				CLANG_ANALYZER_NONNULL = YES;
				CLANG_ANALYZER_NUMBER_OBJECT_CONVERSION = YES_AGGRESSIVE;
				CLANG_CXX_LANGUAGE_STANDARD = "gnu++20";
				CLANG_ENABLE_MODULES = YES;
				CLANG_ENABLE_OBJC_ARC = YES;
				CLANG_ENABLE_OBJC_WEAK = YES;
				CLANG_WARN_BLOCK_CAPTURE_AUTORELEASING = YES;
				CLANG_WARN_BOOL_CONVERSION = YES;
				CLANG_WARN_COMMA = YES;
				CLANG_WARN_CONSTANT_CONVERSION = YES;
				CLANG_WARN_DEPRECATED_OBJC_IMPLEMENTATIONS = YES;
				CLANG_WARN_DIRECT_OBJC_ISA_USAGE = YES_ERROR;
				CLANG_WARN_DOCUMENTATION_COMMENTS = YES;
				CLANG_WARN_EMPTY_BODY = YES;
				CLANG_WARN_ENUM_CONVERSION = YES;
				CLANG_WARN_INFINITE_RECURSION = YES;
				CLANG_WARN_INT_CONVERSION = YES;
				CLANG_WARN_NON_LITERAL_NULL_CONVERSION = YES;
				CLANG_WARN_OBJC_IMPLICIT_RETAIN_SELF = YES;
				CLANG_WARN_OBJC_LITERAL_CONVERSION = YES;
				CLANG_WARN_OBJC_ROOT_CLASS = YES_ERROR;
				CLANG_WARN_QUOTED_INCLUDE_IN_FRAMEWORK_HEADER = YES;
				CLANG_WARN_RANGE_LOOP_ANALYSIS = YES;
				CLANG_WARN_STRICT_PROTOTYPES = YES;
				CLANG_WARN_SUSPICIOUS_MOVE = YES;
				CLANG_WARN_UNGUARDED_AVAILABILITY = YES_AGGRESSIVE;
				CLANG_WARN_UNREACHABLE_CODE = YES;
				CLANG_WARN__DUPLICATE_METHOD_MATCH = YES;
				COPY_PHASE_STRIP = NO;
				DEBUG_INFORMATION_FORMAT = "dwarf-with-dsym";
				ENABLE_NS_ASSERTIONS = NO;
				ENABLE_STRICT_OBJC_MSGSEND = YES;
				GCC_C_LANGUAGE_STANDARD = gnu11;
				GCC_NO_COMMON_BLOCKS = YES;
				GCC_WARN_64_TO_32_BIT_CONVERSION = YES;
				GCC_WARN_ABOUT_RETURN_TYPE = YES_ERROR;
				GCC_WARN_UNDECLARED_SELECTOR = YES;
				GCC_WARN_UNINITIALIZED_AUTOS = YES_AGGRESSIVE;
				GCC_WARN_UNUSED_FUNCTION = YES;
				GCC_WARN_UNUSED_VARIABLE = YES;
				MTL_ENABLE_DEBUG_INFO = NO;
				MTL_FAST_MATH = YES;
				SWIFT_COMPILATION_MODE = wholemodule;
				SWIFT_OPTIMIZATION_LEVEL = "-O";
			};
			name = Release;
		};
		791528EF298E028000DBAF26 /* Debug */ = {
			isa = XCBuildConfiguration;
			buildSettings = {
				ASSETCATALOG_COMPILER_APPICON_NAME = AppIcon;
				ASSETCATALOG_COMPILER_GLOBAL_ACCENT_COLOR_NAME = AccentColor;
				CODE_SIGN_ENTITLEMENTS = TeachMachine/TeachMachine.entitlements;
				CODE_SIGN_STYLE = Automatic;
				CURRENT_PROJECT_VERSION = 1;
				DEVELOPMENT_ASSET_PATHS = "\"TeachMachine/Preview Content\"";
				DEVELOPMENT_TEAM = UGQBX3P3M8;
				ENABLE_HARDENED_RUNTIME = YES;
				ENABLE_PREVIEWS = YES;
				GENERATE_INFOPLIST_FILE = YES;
				INFOPLIST_FILE = TeachMachine/Info.plist;
				INFOPLIST_KEY_LSApplicationCategoryType = "";
				"INFOPLIST_KEY_UIApplicationSceneManifest_Generation[sdk=iphoneos*]" = YES;
				"INFOPLIST_KEY_UIApplicationSceneManifest_Generation[sdk=iphonesimulator*]" = YES;
				"INFOPLIST_KEY_UIApplicationSupportsIndirectInputEvents[sdk=iphoneos*]" = YES;
				"INFOPLIST_KEY_UIApplicationSupportsIndirectInputEvents[sdk=iphonesimulator*]" = YES;
				"INFOPLIST_KEY_UILaunchScreen_Generation[sdk=iphoneos*]" = YES;
				"INFOPLIST_KEY_UILaunchScreen_Generation[sdk=iphonesimulator*]" = YES;
				"INFOPLIST_KEY_UIStatusBarStyle[sdk=iphoneos*]" = UIStatusBarStyleDefault;
				"INFOPLIST_KEY_UIStatusBarStyle[sdk=iphonesimulator*]" = UIStatusBarStyleDefault;
				INFOPLIST_KEY_UISupportedInterfaceOrientations_iPad = "UIInterfaceOrientationLandscapeLeft UIInterfaceOrientationLandscapeRight";
				INFOPLIST_KEY_UISupportedInterfaceOrientations_iPhone = "UIInterfaceOrientationPortrait UIInterfaceOrientationLandscapeLeft UIInterfaceOrientationLandscapeRight";
				IPHONEOS_DEPLOYMENT_TARGET = 16.0;
				LD_RUNPATH_SEARCH_PATHS = "@executable_path/Frameworks";
				"LD_RUNPATH_SEARCH_PATHS[sdk=macosx*]" = "@executable_path/../Frameworks";
				MACOSX_DEPLOYMENT_TARGET = 13.1;
				MARKETING_VERSION = 1.0;
				PRODUCT_BUNDLE_IDENTIFIER = hingtattsang.TeachMachine;
				PRODUCT_NAME = "$(TARGET_NAME)";
				SDKROOT = auto;
				SUPPORTED_PLATFORMS = "iphoneos iphonesimulator macosx";
				SWIFT_EMIT_LOC_STRINGS = YES;
				SWIFT_VERSION = 5.0;
				TARGETED_DEVICE_FAMILY = "1,2";
			};
			name = Debug;
		};
		791528F0298E028000DBAF26 /* Release */ = {
			isa = XCBuildConfiguration;
			buildSettings = {
				ASSETCATALOG_COMPILER_APPICON_NAME = AppIcon;
				ASSETCATALOG_COMPILER_GLOBAL_ACCENT_COLOR_NAME = AccentColor;
				CODE_SIGN_ENTITLEMENTS = TeachMachine/TeachMachine.entitlements;
				CODE_SIGN_STYLE = Automatic;
				CURRENT_PROJECT_VERSION = 1;
				DEVELOPMENT_ASSET_PATHS = "\"TeachMachine/Preview Content\"";
				DEVELOPMENT_TEAM = UGQBX3P3M8;
				ENABLE_HARDENED_RUNTIME = YES;
				ENABLE_PREVIEWS = YES;
				GENERATE_INFOPLIST_FILE = YES;
				INFOPLIST_FILE = TeachMachine/Info.plist;
				INFOPLIST_KEY_LSApplicationCategoryType = "";
				"INFOPLIST_KEY_UIApplicationSceneManifest_Generation[sdk=iphoneos*]" = YES;
				"INFOPLIST_KEY_UIApplicationSceneManifest_Generation[sdk=iphonesimulator*]" = YES;
				"INFOPLIST_KEY_UIApplicationSupportsIndirectInputEvents[sdk=iphoneos*]" = YES;
				"INFOPLIST_KEY_UIApplicationSupportsIndirectInputEvents[sdk=iphonesimulator*]" = YES;
				"INFOPLIST_KEY_UILaunchScreen_Generation[sdk=iphoneos*]" = YES;
				"INFOPLIST_KEY_UILaunchScreen_Generation[sdk=iphonesimulator*]" = YES;
				"INFOPLIST_KEY_UIStatusBarStyle[sdk=iphoneos*]" = UIStatusBarStyleDefault;
				"INFOPLIST_KEY_UIStatusBarStyle[sdk=iphonesimulator*]" = UIStatusBarStyleDefault;
				INFOPLIST_KEY_UISupportedInterfaceOrientations_iPad = "UIInterfaceOrientationLandscapeLeft UIInterfaceOrientationLandscapeRight";
				INFOPLIST_KEY_UISupportedInterfaceOrientations_iPhone = "UIInterfaceOrientationPortrait UIInterfaceOrientationLandscapeLeft UIInterfaceOrientationLandscapeRight";
				IPHONEOS_DEPLOYMENT_TARGET = 16.0;
				LD_RUNPATH_SEARCH_PATHS = "@executable_path/Frameworks";
				"LD_RUNPATH_SEARCH_PATHS[sdk=macosx*]" = "@executable_path/../Frameworks";
				MACOSX_DEPLOYMENT_TARGET = 13.1;
				MARKETING_VERSION = 1.0;
				PRODUCT_BUNDLE_IDENTIFIER = hingtattsang.TeachMachine;
				PRODUCT_NAME = "$(TARGET_NAME)";
				SDKROOT = auto;
				SUPPORTED_PLATFORMS = "iphoneos iphonesimulator macosx";
				SWIFT_EMIT_LOC_STRINGS = YES;
				SWIFT_VERSION = 5.0;
				TARGETED_DEVICE_FAMILY = "1,2";
			};
			name = Release;
		};
		791528F2298E028000DBAF26 /* Debug */ = {
			isa = XCBuildConfiguration;
			buildSettings = {
				ALWAYS_EMBED_SWIFT_STANDARD_LIBRARIES = YES;
				BUNDLE_LOADER = "$(TEST_HOST)";
				CODE_SIGN_STYLE = Automatic;
				CURRENT_PROJECT_VERSION = 1;
				DEVELOPMENT_TEAM = UGQBX3P3M8;
				GENERATE_INFOPLIST_FILE = YES;
				IPHONEOS_DEPLOYMENT_TARGET = 16.2;
				MACOSX_DEPLOYMENT_TARGET = 13.1;
				MARKETING_VERSION = 1.0;
				PRODUCT_BUNDLE_IDENTIFIER = hingtattsang.TeachMachineTests;
				PRODUCT_NAME = "$(TARGET_NAME)";
				SDKROOT = auto;
				SUPPORTED_PLATFORMS = "iphoneos iphonesimulator macosx";
				SWIFT_EMIT_LOC_STRINGS = NO;
				SWIFT_VERSION = 5.0;
				TARGETED_DEVICE_FAMILY = "1,2";
				TEST_HOST = "$(BUILT_PRODUCTS_DIR)/TeachMachine.app/$(BUNDLE_EXECUTABLE_FOLDER_PATH)/TeachMachine";
			};
			name = Debug;
		};
		791528F3298E028000DBAF26 /* Release */ = {
			isa = XCBuildConfiguration;
			buildSettings = {
				ALWAYS_EMBED_SWIFT_STANDARD_LIBRARIES = YES;
				BUNDLE_LOADER = "$(TEST_HOST)";
				CODE_SIGN_STYLE = Automatic;
				CURRENT_PROJECT_VERSION = 1;
				DEVELOPMENT_TEAM = UGQBX3P3M8;
				GENERATE_INFOPLIST_FILE = YES;
				IPHONEOS_DEPLOYMENT_TARGET = 16.2;
				MACOSX_DEPLOYMENT_TARGET = 13.1;
				MARKETING_VERSION = 1.0;
				PRODUCT_BUNDLE_IDENTIFIER = hingtattsang.TeachMachineTests;
				PRODUCT_NAME = "$(TARGET_NAME)";
				SDKROOT = auto;
				SUPPORTED_PLATFORMS = "iphoneos iphonesimulator macosx";
				SWIFT_EMIT_LOC_STRINGS = NO;
				SWIFT_VERSION = 5.0;
				TARGETED_DEVICE_FAMILY = "1,2";
				TEST_HOST = "$(BUILT_PRODUCTS_DIR)/TeachMachine.app/$(BUNDLE_EXECUTABLE_FOLDER_PATH)/TeachMachine";
			};
			name = Release;
		};
		791528F5298E028000DBAF26 /* Debug */ = {
			isa = XCBuildConfiguration;
			buildSettings = {
				ALWAYS_EMBED_SWIFT_STANDARD_LIBRARIES = YES;
				CODE_SIGN_STYLE = Automatic;
				CURRENT_PROJECT_VERSION = 1;
				DEVELOPMENT_TEAM = UGQBX3P3M8;
				GENERATE_INFOPLIST_FILE = YES;
				IPHONEOS_DEPLOYMENT_TARGET = 16.2;
				MACOSX_DEPLOYMENT_TARGET = 13.1;
				MARKETING_VERSION = 1.0;
				PRODUCT_BUNDLE_IDENTIFIER = hingtattsang.TeachMachineUITests;
				PRODUCT_NAME = "$(TARGET_NAME)";
				SDKROOT = auto;
				SUPPORTED_PLATFORMS = "iphoneos iphonesimulator macosx";
				SWIFT_EMIT_LOC_STRINGS = NO;
				SWIFT_VERSION = 5.0;
				TARGETED_DEVICE_FAMILY = "1,2";
				TEST_TARGET_NAME = TeachMachine;
			};
			name = Debug;
		};
		791528F6298E028000DBAF26 /* Release */ = {
			isa = XCBuildConfiguration;
			buildSettings = {
				ALWAYS_EMBED_SWIFT_STANDARD_LIBRARIES = YES;
				CODE_SIGN_STYLE = Automatic;
				CURRENT_PROJECT_VERSION = 1;
				DEVELOPMENT_TEAM = UGQBX3P3M8;
				GENERATE_INFOPLIST_FILE = YES;
				IPHONEOS_DEPLOYMENT_TARGET = 16.2;
				MACOSX_DEPLOYMENT_TARGET = 13.1;
				MARKETING_VERSION = 1.0;
				PRODUCT_BUNDLE_IDENTIFIER = hingtattsang.TeachMachineUITests;
				PRODUCT_NAME = "$(TARGET_NAME)";
				SDKROOT = auto;
				SUPPORTED_PLATFORMS = "iphoneos iphonesimulator macosx";
				SWIFT_EMIT_LOC_STRINGS = NO;
				SWIFT_VERSION = 5.0;
				TARGETED_DEVICE_FAMILY = "1,2";
				TEST_TARGET_NAME = TeachMachine;
			};
			name = Release;
		};
/* End XCBuildConfiguration section */

/* Begin XCConfigurationList section */
		791528BF298E027F00DBAF26 /* Build configuration list for PBXProject "TeachMachine" */ = {
			isa = XCConfigurationList;
			buildConfigurations = (
				791528EC298E028000DBAF26 /* Debug */,
				791528ED298E028000DBAF26 /* Release */,
			);
			defaultConfigurationIsVisible = 0;
			defaultConfigurationName = Release;
		};
		791528EE298E028000DBAF26 /* Build configuration list for PBXNativeTarget "TeachMachine" */ = {
			isa = XCConfigurationList;
			buildConfigurations = (
				791528EF298E028000DBAF26 /* Debug */,
				791528F0298E028000DBAF26 /* Release */,
			);
			defaultConfigurationIsVisible = 0;
			defaultConfigurationName = Release;
		};
		791528F1298E028000DBAF26 /* Build configuration list for PBXNativeTarget "TeachMachineTests" */ = {
			isa = XCConfigurationList;
			buildConfigurations = (
				791528F2298E028000DBAF26 /* Debug */,
				791528F3298E028000DBAF26 /* Release */,
			);
			defaultConfigurationIsVisible = 0;
			defaultConfigurationName = Release;
		};
		791528F4298E028000DBAF26 /* Build configuration list for PBXNativeTarget "TeachMachineUITests" */ = {
			isa = XCConfigurationList;
			buildConfigurations = (
				791528F5298E028000DBAF26 /* Debug */,
				791528F6298E028000DBAF26 /* Release */,
			);
			defaultConfigurationIsVisible = 0;
			defaultConfigurationName = Release;
		};
/* End XCConfigurationList section */

/* Begin XCRemoteSwiftPackageReference section */
		79A7043B298E89880057254C /* XCRemoteSwiftPackageReference "SymbolPicker" */ = {
			isa = XCRemoteSwiftPackageReference;
			repositoryURL = "https://github.com/xnth97/SymbolPicker?ref=iosexample.com";
			requirement = {
				kind = upToNextMajorVersion;
				minimumVersion = 1.0.0;
			};
		};
		79A70446298EAC2D0057254C /* XCRemoteSwiftPackageReference "swiftuilib-document-picker" */ = {
			isa = XCRemoteSwiftPackageReference;
			repositoryURL = "https://github.com/diegolavalledev/swiftuilib-document-picker";
			requirement = {
				branch = develop;
				kind = branch;
			};
		};
		79A7044C298EB3780057254C /* XCRemoteSwiftPackageReference "FilePicker" */ = {
			isa = XCRemoteSwiftPackageReference;
			repositoryURL = "https://github.com/markrenaud/FilePicker";
			requirement = {
				branch = main;
				kind = branch;
			};
		};
/* End XCRemoteSwiftPackageReference section */

/* Begin XCSwiftPackageProductDependency section */
		79A7043C298E89880057254C /* SymbolPicker */ = {
			isa = XCSwiftPackageProductDependency;
			package = 79A7043B298E89880057254C /* XCRemoteSwiftPackageReference "SymbolPicker" */;
			productName = SymbolPicker;
		};
		79A7044A298EAE5A0057254C /* SwiftUILib.DocumentPicker */ = {
			isa = XCSwiftPackageProductDependency;
			package = 79A70446298EAC2D0057254C /* XCRemoteSwiftPackageReference "swiftuilib-document-picker" */;
			productName = SwiftUILib.DocumentPicker;
		};
		79A7044D298EB3780057254C /* FilePicker */ = {
			isa = XCSwiftPackageProductDependency;
			package = 79A7044C298EB3780057254C /* XCRemoteSwiftPackageReference "FilePicker" */;
			productName = FilePicker;
		};
/* End XCSwiftPackageProductDependency section */

/* Begin XCVersionGroup section */
		791528CB298E027F00DBAF26 /* TeachMachine.xcdatamodeld */ = {
			isa = XCVersionGroup;
			children = (
				791528CC298E027F00DBAF26 /* TeachMachine.xcdatamodel */,
			);
			currentVersion = 791528CC298E027F00DBAF26 /* TeachMachine.xcdatamodel */;
			path = TeachMachine.xcdatamodeld;
			sourceTree = "<group>";
			versionGroupType = wrapper.xcdatamodel;
		};
/* End XCVersionGroup section */
	};
	rootObject = 791528BC298E027F00DBAF26 /* Project object */;
}
